
Microsoft Visual Studio Solution File, Format Version 12.00
# Visual Studio 15
VisualStudioVersion = 15.0.28307.329
MinimumVisualStudioVersion = 10.0.40219.1
Project("{9A19103F-16F7-4668-BE54-9A1E7A4F7556}") = "Api", "Api\Api.csproj", "{9A387BC3-505A-4075-B078-1269A71F515C}"
EndProject
Project("{9A19103F-16F7-4668-BE54-9A1E7A4F7556}") = "Domain.Data", "Domain.Data\Domain.Data.csproj", "{0EF1A78F-7D39-4A06-A228-BE082E4DDA7F}"
EndProject
Project("{9A19103F-16F7-4668-BE54-9A1E7A4F7556}") = "Domain.Shared", "Domain.Shared\Domain.Shared.csproj", "{18E92BAE-5B9F-49EB-B7BB-E7D5B815AE7F}"
EndProject
Project("{FAE04EC0-301F-11D3-BF4B-00C04F79EFBC}") = "Infra.Data", "Infra.Data\Infra.Data.csproj", "{40163EF6-9A31-4E2F-9980-D39834BAC1BD}"
EndProject
Project("{FAE04EC0-301F-11D3-BF4B-00C04F79EFBC}") = "Infra.Cutting", "Infra.Cutting\Infra.Cutting.csproj", "{99F1AF0D-A44D-4314-8205-3F35F00B6988}"
EndProject
Project("{FAE04EC0-301F-11D3-BF4B-00C04F79EFBC}") = "Application", "Application\Application.csproj", "{50704D3C-461E-4E10-9FF9-A25B19523DAA}"
EndProject
Global
	GlobalSection(SolutionConfigurationPlatforms) = preSolution
		Debug|Any CPU = Debug|Any CPU
		Release|Any CPU = Release|Any CPU
	EndGlobalSection
	GlobalSection(ProjectConfigurationPlatforms) = postSolution
		{9A387BC3-505A-4075-B078-1269A71F515C}.Debug|Any CPU.ActiveCfg = Debug|Any CPU
		{9A387BC3-505A-4075-B078-1269A71F515C}.Debug|Any CPU.Build.0 = Debug|Any CPU
		{9A387BC3-505A-4075-B078-1269A71F515C}.Release|Any CPU.ActiveCfg = Release|Any CPU
		{9A387BC3-505A-4075-B078-1269A71F515C}.Release|Any CPU.Build.0 = Release|Any CPU
		{0EF1A78F-7D39-4A06-A228-BE082E4DDA7F}.Debug|Any CPU.ActiveCfg = Debug|Any CPU
		{0EF1A78F-7D39-4A06-A228-BE082E4DDA7F}.Debug|Any CPU.Build.0 = Debug|Any CPU
		{0EF1A78F-7D39-4A06-A228-BE082E4DDA7F}.Release|Any CPU.ActiveCfg = Release|Any CPU
		{0EF1A78F-7D39-4A06-A228-BE082E4DDA7F}.Release|Any CPU.Build.0 = Release|Any CPU
		{18E92BAE-5B9F-49EB-B7BB-E7D5B815AE7F}.Debug|Any CPU.ActiveCfg = Debug|Any CPU
		{18E92BAE-5B9F-49EB-B7BB-E7D5B815AE7F}.Debug|Any CPU.Build.0 = Debug|Any CPU
		{18E92BAE-5B9F-49EB-B7BB-E7D5B815AE7F}.Release|Any CPU.ActiveCfg = Release|Any CPU
		{18E92BAE-5B9F-49EB-B7BB-E7D5B815AE7F}.Release|Any CPU.Build.0 = Release|Any CPU
		{40163EF6-9A31-4E2F-9980-D39834BAC1BD}.Debug|Any CPU.ActiveCfg = Debug|Any CPU
		{40163EF6-9A31-4E2F-9980-D39834BAC1BD}.Debug|Any CPU.Build.0 = Debug|Any CPU
		{40163EF6-9A31-4E2F-9980-D39834BAC1BD}.Release|Any CPU.ActiveCfg = Release|Any CPU
		{40163EF6-9A31-4E2F-9980-D39834BAC1BD}.Release|Any CPU.Build.0 = Release|Any CPU
		{99F1AF0D-A44D-4314-8205-3F35F00B6988}.Debug|Any CPU.ActiveCfg = Debug|Any CPU
		{99F1AF0D-A44D-4314-8205-3F35F00B6988}.Debug|Any CPU.Build.0 = Debug|Any CPU
		{99F1AF0D-A44D-4314-8205-3F35F00B6988}.Release|Any CPU.ActiveCfg = Release|Any CPU
		{99F1AF0D-A44D-4314-8205-3F35F00B6988}.Release|Any CPU.Build.0 = Release|Any CPU
		{50704D3C-461E-4E10-9FF9-A25B19523DAA}.Debug|Any CPU.ActiveCfg = Debug|Any CPU
		{50704D3C-461E-4E10-9FF9-A25B19523DAA}.Debug|Any CPU.Build.0 = Debug|Any CPU
		{50704D3C-461E-4E10-9FF9-A25B19523DAA}.Release|Any CPU.ActiveCfg = Release|Any CPU
		{50704D3C-461E-4E10-9FF9-A25B19523DAA}.Release|Any CPU.Build.0 = Release|Any CPU
	EndGlobalSection
	GlobalSection(SolutionProperties) = preSolution
		HideSolutionNode = FALSE
	EndGlobalSection
	GlobalSection(ExtensibilityGlobals) = postSolution
		SolutionGuid = {96E8A9E8-BFCC-4677-B14C-45A09610310E}
	EndGlobalSection
EndGlobal
